<?xml version="1.0" encoding="utf-8"?>
<Project ToolsVersion="4.0" xmlns="http://schemas.microsoft.com/developer/msbuild/2003">
  <ItemGroup>
    <None Include="..\LICENSE.md" />
    <None Include="..\Makefile" />
    <None Include="..\Makefile.inc" />
    <None Include="..\README.md" />
  </ItemGroup>
  <ItemGroup>
    <Filter Include="src">
      <UniqueIdentifier>{87aa2ea7-b77a-44e0-85e3-6dad5fa5b41a}</UniqueIdentifier>
    </Filter>
  </ItemGroup>
  <ItemGroup>
    <ClInclude Include="..\src\libxsmm_ext.h">
      <Filter>src</Filter>
    </ClInclude>
  </ItemGroup>
  <ItemGroup>
    <ClCompile Include="..\src\libxsmm_ext_gemm.c">
      <Filter>src</Filter>
    </ClCompile>
    <ClCompile Include="..\src\libxsmm_ext_xcopy.c">
      <Filter>src</Filter>
    </ClCompile>
    <ClCompile Include="..\src\libxsmm_ext.c">
      <Filter>src</Filter>
    </ClCompile>
    <ClCompile Include="..\src\libxsmm_ext_blocked_gemm.c">
      <Filter>src</Filter>
    </ClCompile>
  </ItemGroup>
</Project>
