<?xml version="1.0" encoding="utf-8"?>
<Project ToolsVersion="4.0" xmlns="http://schemas.microsoft.com/developer/msbuild/2003">
  <ItemGroup>
    <Filter Include="include">
      <UniqueIdentifier>{9c7d8219-7adb-4410-8ceb-c7422106af6a}</UniqueIdentifier>
    </Filter>
    <Filter Include="src">
      <UniqueIdentifier>{df2aad30-e992-4052-8f3a-f1343f4e3f33}</UniqueIdentifier>
    </Filter>
    <Filter Include="scripts">
      <UniqueIdentifier>{13af66c8-51ff-4b9e-94fe-53a686556d47}</UniqueIdentifier>
    </Filter>
    <Filter Include="src\template">
      <UniqueIdentifier>{c4a6fa16-23e9-4fb6-9148-c47da5e490e6}</UniqueIdentifier>
    </Filter>
    <Filter Include="src\generator">
      <UniqueIdentifier>{23f4992b-2a02-4f5a-9287-9d00762dfcef}</UniqueIdentifier>
    </Filter>
  </ItemGroup>
  <ItemGroup>
    <ClInclude Include="..\include\libxsmm_macros.h">
      <Filter>include</Filter>
    </ClInclude>
    <ClInclude Include="..\src\libxsmm_hash.h">
      <Filter>src</Filter>
    </ClInclude>
    <ClInclude Include="..\include\libxsmm_frontend.h">
      <Filter>include</Filter>
    </ClInclude>
    <ClInclude Include="..\include\libxsmm_generator.h">
      <Filter>include</Filter>
    </ClInclude>
    <ClInclude Include="..\include\libxsmm_timer.h">
      <Filter>include</Filter>
    </ClInclude>
    <ClInclude Include="..\include\libxsmm_typedefs.h">
      <Filter>include</Filter>
    </ClInclude>
    <ClInclude Include="..\src\libxsmm_trace.h">
      <Filter>src</Filter>
    </ClInclude>
    <ClInclude Include="..\src\libxsmm_gemm.h">
      <Filter>src</Filter>
    </ClInclude>
    <ClInclude Include="..\include\libxsmm_dnn.h">
      <Filter>include</Filter>
    </ClInclude>
    <ClInclude Include="..\src\libxsmm_main.h">
      <Filter>src</Filter>
    </ClInclude>
    <ClInclude Include="..\src\libxsmm_dnn_convolution_forward.h">
      <Filter>src</Filter>
    </ClInclude>
    <ClInclude Include="..\src\libxsmm_xcopy.h">
      <Filter>src</Filter>
    </ClInclude>
    <ClInclude Include="..\include\libxsmm_malloc.h">
      <Filter>include</Filter>
    </ClInclude>
    <ClInclude Include="..\src\libxsmm_perf.h">
      <Filter>src</Filter>
    </ClInclude>
    <ClInclude Include="..\src\perf_jitdump.h">
      <Filter>src</Filter>
    </ClInclude>
    <ClInclude Include="..\src\libxsmm_dnn_convolution_backward.h">
      <Filter>src</Filter>
    </ClInclude>
    <ClInclude Include="..\src\libxsmm_dnn_convolution_weight_update.h">
      <Filter>src</Filter>
    </ClInclude>
    <ClInclude Include="..\include\libxsmm_sync.h">
      <Filter>include</Filter>
    </ClInclude>
    <ClInclude Include="..\include\libxsmm_intrinsics_x86.h">
      <Filter>include</Filter>
    </ClInclude>
    <ClInclude Include="..\include\libxsmm_cpuid.h">
      <Filter>include</Filter>
    </ClInclude>
    <ClInclude Include="..\include\libxsmm_spmdm.h">
      <Filter>include</Filter>
    </ClInclude>
    <ClInclude Include="..\include\libxsmm_fsspmdm.h">
      <Filter>include</Filter>
    </ClInclude>
    <ClInclude Include="..\include\libxsmm_mhd.h">
      <Filter>include</Filter>
    </ClInclude>
    <ClInclude Include="..\include\libxsmm_blocked_gemm.h">
      <Filter>include</Filter>
    </ClInclude>
    <ClInclude Include="..\include\libxsmm_math.h">
      <Filter>include</Filter>
    </ClInclude>
    <ClInclude Include="..\include\libxsmm_dnn_rnncell.h">
      <Filter>include</Filter>
    </ClInclude>
    <ClInclude Include="..\src\libxsmm_dnn_elementwise.h">
      <Filter>src</Filter>
    </ClInclude>
    <ClInclude Include="..\src\generator_common.h">
      <Filter>src\generator</Filter>
    </ClInclude>
    <ClInclude Include="..\src\generator_gemm_avx_microkernel.h">
      <Filter>src\generator</Filter>
    </ClInclude>
    <ClInclude Include="..\src\generator_gemm_avx2_microkernel.h">
      <Filter>src\generator</Filter>
    </ClInclude>
    <ClInclude Include="..\src\generator_gemm_avx512_microkernel.h">
      <Filter>src\generator</Filter>
    </ClInclude>
    <ClInclude Include="..\src\generator_gemm_common.h">
      <Filter>src\generator</Filter>
    </ClInclude>
    <ClInclude Include="..\src\generator_gemm_noarch.h">
      <Filter>src\generator</Filter>
    </ClInclude>
    <ClInclude Include="..\src\generator_gemm_sse3_avx_avx2_avx512.h">
      <Filter>src\generator</Filter>
    </ClInclude>
    <ClInclude Include="..\src\generator_gemm_sse3_microkernel.h">
      <Filter>src\generator</Filter>
    </ClInclude>
    <ClInclude Include="..\src\generator_matcopy_avx_avx512.h">
      <Filter>src\generator</Filter>
    </ClInclude>
    <ClInclude Include="..\src\generator_packed_aux.h">
      <Filter>src\generator</Filter>
    </ClInclude>
    <ClInclude Include="..\src\generator_packed_trsm_avx_avx512.h">
      <Filter>src\generator</Filter>
    </ClInclude>
    <ClInclude Include="..\src\generator_packed_trsm_dmacros.h">
      <Filter>src\generator</Filter>
    </ClInclude>
    <ClInclude Include="..\src\generator_packed_xct_avx2_lln.h">
      <Filter>src\generator</Filter>
    </ClInclude>
    <ClInclude Include="..\src\generator_spgemm_csc_asparse.h">
      <Filter>src\generator</Filter>
    </ClInclude>
    <ClInclude Include="..\src\generator_spgemm_csc_bsparse.h">
      <Filter>src\generator</Filter>
    </ClInclude>
    <ClInclude Include="..\src\generator_spgemm_csc_bsparse_soa.h">
      <Filter>src\generator</Filter>
    </ClInclude>
    <ClInclude Include="..\src\generator_spgemm_csc_reader.h">
      <Filter>src\generator</Filter>
    </ClInclude>
    <ClInclude Include="..\src\generator_spgemm_csr_asparse.h">
      <Filter>src\generator</Filter>
    </ClInclude>
    <ClInclude Include="..\src\generator_spgemm_csr_asparse_reg.h">
      <Filter>src\generator</Filter>
    </ClInclude>
    <ClInclude Include="..\src\generator_spgemm_csr_asparse_soa.h">
      <Filter>src\generator</Filter>
    </ClInclude>
    <ClInclude Include="..\src\generator_spgemm_csr_bsparse_soa.h">
      <Filter>src\generator</Filter>
    </ClInclude>
    <ClInclude Include="..\src\generator_spgemm_csr_reader.h">
      <Filter>src\generator</Filter>
    </ClInclude>
    <ClInclude Include="..\src\generator_transpose_avx_avx512.h">
      <Filter>src\generator</Filter>
    </ClInclude>
    <ClInclude Include="..\src\generator_x86_instructions.h">
      <Filter>src\generator</Filter>
    </ClInclude>
    <ClInclude Include="..\src\libxsmm_blocked_gemm_types.h">
      <Filter>src</Filter>
    </ClInclude>
    <ClInclude Include="..\src\libxsmm_dnn_fusedbatchnorm_backward.h">
      <Filter>src</Filter>
    </ClInclude>
    <ClInclude Include="..\src\libxsmm_dnn_fusedbatchnorm_forward.h">
      <Filter>src</Filter>
    </ClInclude>
    <ClInclude Include="..\include\libxsmm_dnn_fullyconnected.h">
      <Filter>include</Filter>
    </ClInclude>
    <ClInclude Include="..\src\libxsmm_dnn_fullyconnected_forward.h">
      <Filter>src</Filter>
    </ClInclude>
    <ClInclude Include="..\src\libxsmm_dnn_pooling_backward.h">
      <Filter>src</Filter>
    </ClInclude>
    <ClInclude Include="..\src\libxsmm_dnn_pooling_forward.h">
      <Filter>src</Filter>
    </ClInclude>
    <ClInclude Include="..\include\libxsmm_dnn_fusedbatchnorm.h">
      <Filter>include</Filter>
    </ClInclude>
    <ClInclude Include="..\include\libxsmm_dnn_pooling.h">
      <Filter>include</Filter>
    </ClInclude>
    <ClInclude Include="..\src\libxsmm_dnn_rnncell_backward_weight_update.h">
      <Filter>src</Filter>
    </ClInclude>
    <ClInclude Include="..\src\libxsmm_dnn_rnncell_forward.h">
      <Filter>src</Filter>
    </ClInclude>
    <ClInclude Include="..\src\generator_packed_trmm_avx_avx512.h">
      <Filter>src\generator</Filter>
    </ClInclude>
    <ClInclude Include="..\src\generator_packed_gemm_avx_avx512.h">
      <Filter>src\generator</Filter>
    </ClInclude>
    <ClInclude Include="..\src\generator_packed_gemmnn.h">
      <Filter>src\generator</Filter>
    </ClInclude>
    <ClInclude Include="..\src\generator_packed_getrf_avx_avx512.h">
      <Filter>src\generator</Filter>
    </ClInclude>
    <ClInclude Include="..\src\libxsmm_spmdm_begin.h">
      <Filter>src</Filter>
    </ClInclude>
    <ClInclude Include="..\src\libxsmm_spmdm_begin_avx2.h">
      <Filter>src</Filter>
    </ClInclude>
    <ClInclude Include="..\src\libxsmm_spmdm_begin_avx512.h">
      <Filter>src</Filter>
    </ClInclude>
    <ClInclude Include="..\src\libxsmm_spmdm_end.h">
      <Filter>src</Filter>
    </ClInclude>
    <ClInclude Include="..\include\libxsmm_rng.h">
      <Filter>include</Filter>
    </ClInclude>
    <ClInclude Include="..\src\libxsmm_diff.h">
      <Filter>src</Filter>
    </ClInclude>
    <ClInclude Include="..\src\generator_packed_gemm_ac_rm_avx_avx2_avx512.h">
      <Filter>src\generator</Filter>
    </ClInclude>
    <ClInclude Include="..\src\generator_packed_gemm_bc_rm_avx_avx2_avx512.h">
      <Filter>src\generator</Filter>
    </ClInclude>
    <ClInclude Include="..\include\libxsmm_memory.h">
      <Filter>include</Filter>
    </ClInclude>
    <ClInclude Include="..\src\template\libxsmm.h">
      <Filter>include</Filter>
    </ClInclude>
    <ClInclude Include="..\src\template\libxsmm_config.h">
      <Filter>include</Filter>
    </ClInclude>
    <ClInclude Include="..\include\libxsmm_source.h">
      <Filter>include</Filter>
    </ClInclude>
    <ClInclude Include="..\include\libxsmm_dnn_convolution.h">
      <Filter>include</Filter>
    </ClInclude>
    <ClInclude Include="..\include\libxsmm_dnn_fusedgroupnorm.h">
      <Filter>include</Filter>
    </ClInclude>
    <ClInclude Include="..\include\libxsmm_dnn_tensor.h">
      <Filter>include</Filter>
    </ClInclude>
    <ClInclude Include="..\src\libxsmm_dnn_fusedgroupnorm_backward.h">
      <Filter>src</Filter>
    </ClInclude>
    <ClInclude Include="..\src\libxsmm_dnn_fusedgroupnorm_forward.h">
      <Filter>src</Filter>
    </ClInclude>
    <ClInclude Include="..\src\generator_spgemm_csc_csparse_soa.h">
      <Filter>src\generator</Filter>
    </ClInclude>
    <ClInclude Include="..\src\libxsmm_dnn_fullyconnected_backward_weight_update.h">
      <Filter>src</Filter>
    </ClInclude>
  </ItemGroup>
  <ItemGroup>
    <ClCompile Include="..\src\libxsmm_hash.c">
      <Filter>src</Filter>
    </ClCompile>
    <ClCompile Include="..\src\libxsmm_timer.c">
      <Filter>src</Filter>
    </ClCompile>
    <ClCompile Include="..\src\libxsmm_gemm.c">
      <Filter>src</Filter>
    </ClCompile>
    <ClCompile Include="..\src\libxsmm_trace.c">
      <Filter>src</Filter>
    </ClCompile>
    <ClCompile Include="..\src\libxsmm_cpuid_x86.c">
      <Filter>src</Filter>
    </ClCompile>
    <ClCompile Include="..\src\libxsmm_xcopy.c">
      <Filter>src</Filter>
    </ClCompile>
    <ClCompile Include="..\src\libxsmm_dnn.c">
      <Filter>src</Filter>
    </ClCompile>
    <ClCompile Include="..\src\libxsmm_main.c">
      <Filter>src</Filter>
    </ClCompile>
    <ClCompile Include="..\src\libxsmm_dnn_convolution_forward.c">
      <Filter>src</Filter>
    </ClCompile>
    <ClCompile Include="..\src\libxsmm_malloc.c">
      <Filter>src</Filter>
    </ClCompile>
    <ClCompile Include="..\src\libxsmm_sync.c">
      <Filter>src</Filter>
    </ClCompile>
    <ClCompile Include="..\src\libxsmm_perf.c">
      <Filter>src</Filter>
    </ClCompile>
    <ClCompile Include="..\src\libxsmm_dnn_convolution_backward.c">
      <Filter>src</Filter>
    </ClCompile>
    <ClCompile Include="..\src\libxsmm_dnn_convolution_weight_update.c">
      <Filter>src</Filter>
    </ClCompile>
    <ClCompile Include="..\src\libxsmm_spmdm.c">
      <Filter>src</Filter>
    </ClCompile>
    <ClCompile Include="..\src\libxsmm_fsspmdm.c">
      <Filter>src</Filter>
    </ClCompile>
    <ClCompile Include="..\src\libxsmm_blocked_gemm.c">
      <Filter>src</Filter>
    </ClCompile>
    <ClCompile Include="..\src\libxsmm_mhd.c">
      <Filter>src</Filter>
    </ClCompile>
    <ClCompile Include="..\src\libxsmm_python.c">
      <Filter>src</Filter>
    </ClCompile>
    <ClCompile Include="..\src\libxsmm_generator.c">
      <Filter>src</Filter>
    </ClCompile>
    <ClCompile Include="..\src\libxsmm_math.c">
      <Filter>src</Filter>
    </ClCompile>
    <ClCompile Include="..\src\libxsmm_dnn_rnncell.c">
      <Filter>src</Filter>
    </ClCompile>
    <ClCompile Include="..\src\template\libxsmm_dnn_tensor_bias_copy_in_nchw.tpl.c">
      <Filter>src\template</Filter>
    </ClCompile>
    <ClCompile Include="..\src\template\libxsmm_dnn_tensor_bias_copy_out_nchw.tpl.c">
      <Filter>src\template</Filter>
    </ClCompile>
    <ClCompile Include="..\src\template\libxsmm_dnn_tensor_buffer_copy_in_nchw.tpl.c">
      <Filter>src\template</Filter>
    </ClCompile>
    <ClCompile Include="..\src\template\libxsmm_dnn_tensor_buffer_copy_out_nchw.tpl.c">
      <Filter>src\template</Filter>
    </ClCompile>
    <ClCompile Include="..\src\template\libxsmm_dnn_tensor_filter_copy_in_kcrs.tpl.c">
      <Filter>src\template</Filter>
    </ClCompile>
    <ClCompile Include="..\src\template\libxsmm_dnn_tensor_filter_copy_out_kcrs.tpl.c">
      <Filter>src\template</Filter>
    </ClCompile>
    <ClCompile Include="..\src\template\libxsmm_matdiff.tpl.c">
      <Filter>src\template</Filter>
    </ClCompile>
    <ClCompile Include="..\src\template\libxsmm_spmdm_compute_bfloat16_thread.tpl.c">
      <Filter>src\template</Filter>
    </ClCompile>
    <ClCompile Include="..\src\template\libxsmm_spmdm_compute_fp32_thread.tpl.c">
      <Filter>src\template</Filter>
    </ClCompile>
    <ClCompile Include="..\src\template\libxsmm_spmdm_createSparseSlice_bfloat16_thread.tpl.c">
      <Filter>src\template</Filter>
    </ClCompile>
    <ClCompile Include="..\src\template\libxsmm_spmdm_createSparseSlice_fp32_thread.tpl.c">
      <Filter>src\template</Filter>
    </ClCompile>
    <ClCompile Include="..\src\template\transpose.tpl.c">
      <Filter>src\template</Filter>
    </ClCompile>
    <ClCompile Include="..\src\template\libxsmm_blocked_gemm.tpl.c">
      <Filter>src\template</Filter>
    </ClCompile>
    <ClCompile Include="..\src\template\libxsmm_blocked_gemm_copyin_a.tpl.c">
      <Filter>src\template</Filter>
    </ClCompile>
    <ClCompile Include="..\src\template\libxsmm_blocked_gemm_copyin_b.tpl.c">
      <Filter>src\template</Filter>
    </ClCompile>
    <ClCompile Include="..\src\template\libxsmm_blocked_gemm_copyin_c.tpl.c">
      <Filter>src\template</Filter>
    </ClCompile>
    <ClCompile Include="..\src\template\libxsmm_blocked_gemm_copyout_c.tpl.c">
      <Filter>src\template</Filter>
    </ClCompile>
    <ClCompile Include="..\src\template\libxsmm_dnn_convolve_st_bwd_custom_custom_generic.tpl.c">
      <Filter>src\template</Filter>
    </ClCompile>
    <ClCompile Include="..\src\template\libxsmm_dnn_convolve_st_bwd_nhwc_custom-rsck_generic.tpl.c">
      <Filter>src\template</Filter>
    </ClCompile>
    <ClCompile Include="..\src\template\libxsmm_dnn_convolve_st_fwd_custom_custom_generic.tpl.c">
      <Filter>src\template</Filter>
    </ClCompile>
    <ClCompile Include="..\src\template\libxsmm_dnn_convolve_st_fwd_nhwc_custom-rsck_generic.tpl.c">
      <Filter>src\template</Filter>
    </ClCompile>
    <ClCompile Include="..\src\template\libxsmm_dnn_convolve_st_upd_custom_custom_generic.tpl.c">
      <Filter>src\template</Filter>
    </ClCompile>
    <ClCompile Include="..\src\template\libxsmm_dnn_convolve_st_upd_nhwc_custom-rsck_generic.tpl.c">
      <Filter>src\template</Filter>
    </ClCompile>
    <ClCompile Include="..\src\template\libxsmm_dnn_convolve_st_fwd_custom_custom_generic_bf16.tpl.c">
      <Filter>src\template</Filter>
    </ClCompile>
    <ClCompile Include="..\src\libxsmm_dnn_elementwise.c">
      <Filter>src</Filter>
    </ClCompile>
    <ClCompile Include="..\src\generator_common.c">
      <Filter>src\generator</Filter>
    </ClCompile>
    <ClCompile Include="..\src\generator_gemm.c">
      <Filter>src\generator</Filter>
    </ClCompile>
    <ClCompile Include="..\src\generator_gemm_avx_microkernel.c">
      <Filter>src\generator</Filter>
    </ClCompile>
    <ClCompile Include="..\src\generator_gemm_avx2_microkernel.c">
      <Filter>src\generator</Filter>
    </ClCompile>
    <ClCompile Include="..\src\generator_gemm_avx512_microkernel.c">
      <Filter>src\generator</Filter>
    </ClCompile>
    <ClCompile Include="..\src\generator_gemm_common.c">
      <Filter>src\generator</Filter>
    </ClCompile>
    <ClCompile Include="..\src\generator_gemm_noarch.c">
      <Filter>src\generator</Filter>
    </ClCompile>
    <ClCompile Include="..\src\generator_gemm_sse3_avx_avx2_avx512.c">
      <Filter>src\generator</Filter>
    </ClCompile>
    <ClCompile Include="..\src\generator_gemm_sse3_microkernel.c">
      <Filter>src\generator</Filter>
    </ClCompile>
    <ClCompile Include="..\src\generator_matcopy.c">
      <Filter>src\generator</Filter>
    </ClCompile>
    <ClCompile Include="..\src\generator_matcopy_avx_avx512.c">
      <Filter>src\generator</Filter>
    </ClCompile>
    <ClCompile Include="..\src\generator_packed_trsm_avx_avx512.c">
      <Filter>src\generator</Filter>
    </ClCompile>
    <ClCompile Include="..\src\generator_spgemm.c">
      <Filter>src\generator</Filter>
    </ClCompile>
    <ClCompile Include="..\src\generator_spgemm_csc_asparse.c">
      <Filter>src\generator</Filter>
    </ClCompile>
    <ClCompile Include="..\src\generator_spgemm_csc_bsparse.c">
      <Filter>src\generator</Filter>
    </ClCompile>
    <ClCompile Include="..\src\generator_spgemm_csc_bsparse_soa.c">
      <Filter>src\generator</Filter>
    </ClCompile>
    <ClCompile Include="..\src\generator_spgemm_csc_reader.c">
      <Filter>src\generator</Filter>
    </ClCompile>
    <ClCompile Include="..\src\generator_spgemm_csr_asparse.c">
      <Filter>src\generator</Filter>
    </ClCompile>
    <ClCompile Include="..\src\generator_spgemm_csr_asparse_reg.c">
      <Filter>src\generator</Filter>
    </ClCompile>
    <ClCompile Include="..\src\generator_spgemm_csr_asparse_soa.c">
      <Filter>src\generator</Filter>
    </ClCompile>
    <ClCompile Include="..\src\generator_spgemm_csr_bsparse_soa.c">
      <Filter>src\generator</Filter>
    </ClCompile>
    <ClCompile Include="..\src\generator_spgemm_csr_reader.c">
      <Filter>src\generator</Filter>
    </ClCompile>
    <ClCompile Include="..\src\generator_transpose.c">
      <Filter>src\generator</Filter>
    </ClCompile>
    <ClCompile Include="..\src\generator_transpose_avx_avx512.c">
      <Filter>src\generator</Filter>
    </ClCompile>
    <ClCompile Include="..\src\generator_x86_instructions.c">
      <Filter>src\generator</Filter>
    </ClCompile>
    <ClCompile Include="..\src\libxsmm_dnn_fusedbatchnorm_backward.c">
      <Filter>src</Filter>
    </ClCompile>
    <ClCompile Include="..\src\libxsmm_dnn_fusedbatchnorm_forward.c">
      <Filter>src</Filter>
    </ClCompile>
    <ClCompile Include="..\src\template\libxsmm_dnn_fusedbatchnorm_st_fwd_custom_generic.tpl.c">
      <Filter>src\template</Filter>
    </ClCompile>
    <ClCompile Include="..\src\template\libxsmm_dnn_fusedbatchnorm_st_bwd_custom_generic.tpl.c">
      <Filter>src\template</Filter>
    </ClCompile>
    <ClCompile Include="..\src\template\libxsmm_blocked_gemm_transpose_b.tpl.c">
      <Filter>src\template</Filter>
    </ClCompile>
    <ClCompile Include="..\src\template\libxsmm_blocked_gemm_convert_b_to_a.tpl.c">
      <Filter>src\template</Filter>
    </ClCompile>
    <ClCompile Include="..\src\libxsmm_dnn_fullyconnected.c">
      <Filter>src</Filter>
    </ClCompile>
    <ClCompile Include="..\src\libxsmm_dnn_pooling.c">
      <Filter>src</Filter>
    </ClCompile>
    <ClCompile Include="..\src\libxsmm_dnn_fullyconnected_forward.c">
      <Filter>src</Filter>
    </ClCompile>
    <ClCompile Include="..\src\template\libxsmm_dnn_fullyconnected_st_fwd_custom_generic.tpl.c">
      <Filter>src\template</Filter>
    </ClCompile>
    <ClCompile Include="..\src\template\libxsmm_dnn_fusedbatchnorm_st_bwd_custom_f32_bf16_c16_avx512.tpl.c">
      <Filter>src\template</Filter>
    </ClCompile>
    <ClCompile Include="..\src\template\libxsmm_dnn_fusedbatchnorm_st_fwd_custom_f32_bf16_c16_avx512.tpl.c">
      <Filter>src\template</Filter>
    </ClCompile>
    <ClCompile Include="..\src\template\libxsmm_dnn_pooling_st_fwd_custom_f32_bf16_c16_avx512.tpl.c">
      <Filter>src\template</Filter>
    </ClCompile>
    <ClCompile Include="..\src\template\libxsmm_dnn_pooling_st_fwd_custom_generic.tpl.c">
      <Filter>src\template</Filter>
    </ClCompile>
    <ClCompile Include="..\src\template\libxsmm_dnn_pooling_st_bwd_custom_f32_bf16_c16_avx512.tpl.c">
      <Filter>src\template</Filter>
    </ClCompile>
    <ClCompile Include="..\src\template\libxsmm_dnn_pooling_st_bwd_custom_generic.tpl.c">
      <Filter>src\template</Filter>
    </ClCompile>
    <ClCompile Include="..\src\libxsmm_dnn_pooling_backward.c">
      <Filter>src</Filter>
    </ClCompile>
    <ClCompile Include="..\src\libxsmm_dnn_pooling_forward.c">
      <Filter>src</Filter>
    </ClCompile>
    <ClCompile Include="..\src\libxsmm_dnn_fusedbatchnorm.c">
      <Filter>src</Filter>
    </ClCompile>
    <ClCompile Include="..\src\libxsmm_dnn_rnncell_backward_weight_update.c">
      <Filter>src</Filter>
    </ClCompile>
    <ClCompile Include="..\src\libxsmm_dnn_rnncell_forward.c">
      <Filter>src</Filter>
    </ClCompile>
    <ClCompile Include="..\src\generator_packed_trmm_avx_avx512.c">
      <Filter>src\generator</Filter>
    </ClCompile>
    <ClCompile Include="..\src\generator_packed_gemm_avx_avx512.c">
      <Filter>src\generator</Filter>
    </ClCompile>
    <ClCompile Include="..\src\generator_packed_getrf_avx_avx512.c">
      <Filter>src\generator</Filter>
    </ClCompile>
    <ClCompile Include="..\src\template\libxsmm_dnn_rnncell_st_rnn_bwdupd_nc_ck_generic.tpl.c">
      <Filter>src\template</Filter>
    </ClCompile>
    <ClCompile Include="..\src\template\libxsmm_dnn_rnncell_st_rnn_fwd_nc_ck_generic.tpl.c">
      <Filter>src\template</Filter>
    </ClCompile>
    <ClCompile Include="..\src\template\libxsmm_dnn_rnncell_st_rnn_fwd_nc_kcck.tpl.c">
      <Filter>src\template</Filter>
    </ClCompile>
    <ClCompile Include="..\src\template\libxsmm_dnn_rnncell_st_rnn_fwd_ncnc_kcck.tpl.c">
      <Filter>src\template</Filter>
    </ClCompile>
    <ClCompile Include="..\src\template\libxsmm_dnn_rnncell_st_lstm_bwdupd_nc_ck_generic.tpl.c">
      <Filter>src\template</Filter>
    </ClCompile>
    <ClCompile Include="..\src\template\libxsmm_dnn_rnncell_st_lstm_fwd_nc_ck_generic.tpl.c">
      <Filter>src\template</Filter>
    </ClCompile>
    <ClCompile Include="..\src\generator_packed.c">
      <Filter>src\generator</Filter>
    </ClCompile>
    <ClCompile Include="..\src\template\libxsmm_dnn_fullyconnected_st_fwd_ncnc_kcck_generic.tpl.c">
      <Filter>src\template</Filter>
    </ClCompile>
    <ClCompile Include="..\src\libxsmm_rng.c">
      <Filter>src</Filter>
    </ClCompile>
    <ClCompile Include="..\src\template\libxsmm_dnn_rnncell_st_lstm_bwdupd_nc_kcck.tpl.c">
      <Filter>src\template</Filter>
    </ClCompile>
    <ClCompile Include="..\src\template\libxsmm_dnn_rnncell_st_lstm_bwdupd_nc_kcck_core_bf16.tpl.c">
      <Filter>src\template</Filter>
    </ClCompile>
    <ClCompile Include="..\src\template\libxsmm_dnn_rnncell_st_lstm_fwd_nc_ck_generic_bf16.tpl.c">
      <Filter>src\template</Filter>
    </ClCompile>
    <ClCompile Include="..\src\template\libxsmm_dnn_rnncell_st_lstm_fwd_nc_kcck.tpl.c">
      <Filter>src\template</Filter>
    </ClCompile>
    <ClCompile Include="..\src\template\libxsmm_dnn_rnncell_st_lstm_fwd_nc_kcck_diffused_bf16.tpl.c">
      <Filter>src\template</Filter>
    </ClCompile>
    <ClCompile Include="..\src\template\libxsmm_dnn_rnncell_st_lstm_fwd_nc_kcck_fused_bf16.tpl.c">
      <Filter>src\template</Filter>
    </ClCompile>
    <ClCompile Include="..\src\template\libxsmm_dnn_rnncell_st_rnn_bwdupd_nc_kcck.tpl.c">
      <Filter>src\template</Filter>
    </ClCompile>
    <ClCompile Include="..\src\template\libxsmm_dnn_rnncell_st_lstm_bwdupd_nc_ck_generic_bf16.tpl.c">
      <Filter>src\template</Filter>
    </ClCompile>
    <ClCompile Include="..\src\template\libxsmm_dnn_rnncell_st_gru_fwd_nc_ck_generic.tpl.c">
      <Filter>src\template</Filter>
    </ClCompile>
    <ClCompile Include="..\src\template\libxsmm_dnn_rnncell_st_gru_bwdupd_nc_ck_generic.tpl.c">
      <Filter>src\template</Filter>
    </ClCompile>
    <ClCompile Include="..\src\generator_packed_gemm_ac_rm_avx_avx2_avx512.c">
      <Filter>src\generator</Filter>
    </ClCompile>
    <ClCompile Include="..\src\generator_packed_gemm_bc_rm_avx_avx2_avx512.c">
      <Filter>src\generator</Filter>
    </ClCompile>
    <ClCompile Include="..\src\libxsmm_memory.c">
      <Filter>src</Filter>
    </ClCompile>
    <ClCompile Include="..\src\libxsmm_dnn_tensor.c">
      <Filter>src</Filter>
    </ClCompile>
    <ClCompile Include="..\src\libxsmm_dnn_convolution.c">
      <Filter>src</Filter>
    </ClCompile>
    <ClCompile Include="..\src\template\libxsmm_dnn_convolve_st_bwd_custom_custom_fallback_generic.tpl.c">
      <Filter>src\template</Filter>
    </ClCompile>
    <ClCompile Include="..\src\template\libxsmm_dnn_convolve_st_bwd_custom_custom_generic_bf16.tpl.c">
      <Filter>src\template</Filter>
    </ClCompile>
    <ClCompile Include="..\src\template\libxsmm_dnn_convolve_st_bwd_nhwc_custom-rsck_fallback_generic.tpl.c">
      <Filter>src\template</Filter>
    </ClCompile>
    <ClCompile Include="..\src\template\libxsmm_dnn_convolve_st_upd_custom_custom_generic_bf16.tpl.c">
      <Filter>src\template</Filter>
    </ClCompile>
    <ClCompile Include="..\src\template\libxsmm_dnn_fullyconnected_st_fwd_ncnc_kcck_generic_bf16.tpl.c">
      <Filter>src\template</Filter>
    </ClCompile>
    <ClCompile Include="..\src\template\libxsmm_dnn_fusedbatchnorm_st_bwd_custom_f32_bf16_c32_avx512.tpl.c">
      <Filter>src\template</Filter>
    </ClCompile>
    <ClCompile Include="..\src\template\libxsmm_dnn_fusedbatchnorm_st_bwd_custom_f32_bf16_c64_avx512.tpl.c">
      <Filter>src\template</Filter>
    </ClCompile>
    <ClCompile Include="..\src\template\libxsmm_dnn_fusedbatchnorm_st_fwd_custom_f32_bf16_c32_avx512.tpl.c">
      <Filter>src\template</Filter>
    </ClCompile>
    <ClCompile Include="..\src\template\libxsmm_dnn_fusedbatchnorm_st_fwd_custom_f32_bf16_c64_avx512.tpl.c">
      <Filter>src\template</Filter>
    </ClCompile>
    <ClCompile Include="..\src\template\libxsmm_dnn_fusedgroupnorm_st_bwd_custom_f32_bf16_c16_avx512.tpl.c">
      <Filter>src\template</Filter>
    </ClCompile>
    <ClCompile Include="..\src\template\libxsmm_dnn_fusedgroupnorm_st_bwd_custom_f32_bf16_c32_avx512.tpl.c">
      <Filter>src\template</Filter>
    </ClCompile>
    <ClCompile Include="..\src\template\libxsmm_dnn_fusedgroupnorm_st_bwd_custom_f32_bf16_c64_avx512.tpl.c">
      <Filter>src\template</Filter>
    </ClCompile>
    <ClCompile Include="..\src\template\libxsmm_dnn_fusedgroupnorm_st_bwd_custom_generic.tpl.c">
      <Filter>src\template</Filter>
    </ClCompile>
    <ClCompile Include="..\src\template\libxsmm_dnn_fusedgroupnorm_st_fwd_custom_f32_bf16_c16_avx512.tpl.c">
      <Filter>src\template</Filter>
    </ClCompile>
    <ClCompile Include="..\src\template\libxsmm_dnn_fusedgroupnorm_st_fwd_custom_f32_bf16_c32_avx512.tpl.c">
      <Filter>src\template</Filter>
    </ClCompile>
    <ClCompile Include="..\src\template\libxsmm_dnn_fusedgroupnorm_st_fwd_custom_f32_bf16_c64_avx512.tpl.c">
      <Filter>src\template</Filter>
    </ClCompile>
    <ClCompile Include="..\src\template\libxsmm_dnn_fusedgroupnorm_st_fwd_custom_generic.tpl.c">
      <Filter>src\template</Filter>
    </ClCompile>
    <ClCompile Include="..\src\template\libxsmm_dnn_pooling_st_fwd_custom_f32_bf16_c64_avx512.tpl.c">
      <Filter>src\template</Filter>
    </ClCompile>
    <ClCompile Include="..\src\template\libxsmm_dnn_pooling_st_bwd_custom_f32_bf16_c32_avx512.tpl.c">
      <Filter>src\template</Filter>
    </ClCompile>
    <ClCompile Include="..\src\template\libxsmm_dnn_pooling_st_bwd_custom_f32_bf16_c64_avx512.tpl.c">
      <Filter>src\template</Filter>
    </ClCompile>
    <ClCompile Include="..\src\template\libxsmm_dnn_pooling_st_fwd_custom_f32_bf16_c32_avx512.tpl.c">
      <Filter>src\template</Filter>
    </ClCompile>
    <ClCompile Include="..\src\template\libxsmm_dnn_rnncell_st_gru_fwd_nc_kcck.tpl.c">
      <Filter>src\template</Filter>
    </ClCompile>
    <ClCompile Include="..\src\template\libxsmm_dnn_rnncell_st_gru_bwdupd_nc_kcck.tpl.c">
      <Filter>src\template</Filter>
    </ClCompile>
    <ClCompile Include="..\src\template\libxsmm_dnn_rnncell_st_lstm_bwdupd_nc_kcck_bf16.tpl.c">
      <Filter>src\template</Filter>
    </ClCompile>
    <ClCompile Include="..\src\template\libxsmm_dnn_rnncell_st_lstm_bwdupd_nc_kcck_core.tpl.c">
      <Filter>src\template</Filter>
    </ClCompile>
    <ClCompile Include="..\src\template\libxsmm_dnn_rnncell_st_lstm_fwd_nc_kcck_fused.tpl.c">
      <Filter>src\template</Filter>
    </ClCompile>
    <ClCompile Include="..\src\template\libxsmm_dnn_rnncell_st_lstm_fwd_nc_kcck_diffused.tpl.c">
      <Filter>src\template</Filter>
    </ClCompile>
    <ClCompile Include="..\src\template\libxsmm_dnn_rnncell_st_lstm_fwd_nc_kcck_bf16.tpl.c">
      <Filter>src\template</Filter>
    </ClCompile>
    <ClCompile Include="..\src\template\libxsmm_dnn_zero_rim_st_input_custom.tpl.c">
      <Filter>src\template</Filter>
    </ClCompile>
    <ClCompile Include="..\src\template\libxsmm_dnn_zero_rim_st_input_nhwc.tpl.c">
      <Filter>src\template</Filter>
    </ClCompile>
    <ClCompile Include="..\src\template\libxsmm_internal_gru_bwdupd_fused_eltwise_1.tpl.c">
      <Filter>src\template</Filter>
    </ClCompile>
    <ClCompile Include="..\src\template\libxsmm_internal_gru_bwdupd_fused_eltwise_2.tpl.c">
      <Filter>src\template</Filter>
    </ClCompile>
    <ClCompile Include="..\src\template\libxsmm_internal_lstm_bwdupd_fused_eltwise.tpl.c">
      <Filter>src\template</Filter>
    </ClCompile>
    <ClCompile Include="..\src\template\libxsmm_internal_lstm_bwdupd_fused_eltwise_reformat.tpl.c">
      <Filter>src\template</Filter>
    </ClCompile>
    <ClCompile Include="..\src\template\libxsmm_internal_lstm_bwdupd_fused_eltwise_reformat_bf16.tpl.c">
      <Filter>src\template</Filter>
    </ClCompile>
    <ClCompile Include="..\src\template\libxsmm_internal_lstm_fwd_fused_eltwise.tpl.c">
      <Filter>src\template</Filter>
    </ClCompile>
    <ClCompile Include="..\src\template\libxsmm_internal_lstm_fwd_fused_eltwise_bf16.tpl.c">
      <Filter>src\template</Filter>
    </ClCompile>
    <ClCompile Include="..\src\libxsmm_dnn_fusedgroupnorm.c">
      <Filter>src</Filter>
    </ClCompile>
    <ClCompile Include="..\src\libxsmm_dnn_fusedgroupnorm_backward.c">
      <Filter>src</Filter>
    </ClCompile>
    <ClCompile Include="..\src\libxsmm_dnn_fusedgroupnorm_forward.c">
      <Filter>src</Filter>
    </ClCompile>
    <ClCompile Include="..\src\generator_spgemm_csc_csparse_soa.c">
      <Filter>src\generator</Filter>
    </ClCompile>
    <ClCompile Include="..\src\template\libxsmm_dnn_fullyconnected_st_bwdupd_custom_generic.tpl.c">
      <Filter>src\template</Filter>
    </ClCompile>
    <ClCompile Include="..\src\template\libxsmm_dnn_fullyconnected_st_bwdupd_ncnc_kcck_generic.tpl.c">
      <Filter>src\template</Filter>
    </ClCompile>
    <ClCompile Include="..\src\template\libxsmm_dnn_fullyconnected_st_bwdupd_ncnc_kcck_generic_bf16.tpl.c">
      <Filter>src\template</Filter>
    </ClCompile>
    <ClCompile Include="..\src\libxsmm_dnn_fullyconnected_backward_weight_update.c">
      <Filter>src</Filter>
    </ClCompile>
    <ClCompile Include="..\src\template\libxsmm_dnn_convolve_st_fwd_custom_custom_generic_i8i8.tpl.c">
      <Filter>src\template</Filter>
    </ClCompile>
    <ClCompile Include="..\src\template\libxsmm_dnn_convolve_st_fwd_custom_custom_generic_i8i32.tpl.c">
      <Filter>src\template</Filter>
    </ClCompile>
  </ItemGroup>
  <ItemGroup>
    <None Include="..\scripts\libxsmm_specialized.py">
      <Filter>scripts</Filter>
    </None>
    <None Include="..\scripts\libxsmm_utilities.py">
      <Filter>scripts</Filter>
    </None>
    <None Include="..\scripts\libxsmm_dispatch.py">
      <Filter>scripts</Filter>
    </None>
    <None Include="..\scripts\libxsmm_interface.py">
      <Filter>scripts</Filter>
    </None>
    <None Include="..\Makefile" />
    <None Include="..\README.md" />
    <None Include="..\.travis.yml" />
    <None Include="..\.gitignore" />
    <None Include="..\Makefile.inc" />
    <None Include="..\scripts\libxsmm_source.sh">
      <Filter>scripts</Filter>
    </None>
    <None Include="..\.gitconfig" />
    <None Include="..\.gitattributes" />
    <None Include="..\.state.sh" />
    <None Include="..\LICENSE.md" />
    <None Include="..\.codefile" />
    <None Include="..\scripts\tool_inspector.sh">
      <Filter>scripts</Filter>
    </None>
    <None Include="..\scripts\libxsmm_config.py">
      <Filter>scripts</Filter>
    </None>
    <None Include="..\scripts\tool_analyze.sh">
      <Filter>scripts</Filter>
    </None>
    <None Include="..\scripts\tool_normalize.sh">
      <Filter>scripts</Filter>
    </None>
    <None Include="..\.flock.sh" />
    <None Include="..\scripts\tool_test.sh">
      <Filter>scripts</Filter>
    </None>
    <None Include="..\.test-rnn.yml" />
    <None Include="..\.test-dnn.yml" />
    <None Include="..\scripts\tool_checkabi.sh">
      <Filter>scripts</Filter>
    </None>
    <None Include="..\scripts\tool_changelog.sh">
      <Filter>scripts</Filter>
    </None>
    <None Include="..\scripts\tool_cpuinfo.sh">
      <Filter>scripts</Filter>
    </None>
    <None Include="..\src\template\libxsmm.f">
      <Filter>include</Filter>
    </None>
  </ItemGroup>
  <ItemGroup>
    <Text Include="..\version.txt" />
  </ItemGroup>
</Project>